
Microsoft Visual Studio Solution File, Format Version 12.00
# Visual Studio Version 17
VisualStudioVersion = 17.9.34902.65
MinimumVisualStudioVersion = 10.0.40219.1
Project("{FAE04EC0-301F-11D3-BF4B-00C04F79EFBC}") = "RunGroupWebApp", "RunGroupWebApp\RunGroupWebApp.csproj", "{A584D03A-46D4-41B4-885D-3CF7899C87B4}"
EndProject
Global
	GlobalSection(SolutionConfigurationPlatforms) = preSolution
		Debug|Any CPU = Debug|Any CPU
		Release|Any CPU = Release|Any CPU
	EndGlobalSection
	GlobalSection(ProjectConfigurationPlatforms) = postSolution
		{A584D03A-46D4-41B4-885D-3CF7899C87B4}.Debug|Any CPU.ActiveCfg = Debug|Any CPU
		{A584D03A-46D4-41B4-885D-3CF7899C87B4}.Debug|Any CPU.Build.0 = Debug|Any CPU
		{A584D03A-46D4-41B4-885D-3CF7899C87B4}.Release|Any CPU.ActiveCfg = Release|Any CPU
		{A584D03A-46D4-41B4-885D-3CF7899C87B4}.Release|Any CPU.Build.0 = Release|Any CPU
	EndGlobalSection
	GlobalSection(SolutionProperties) = preSolution
		HideSolutionNode = FALSE
	EndGlobalSection
	GlobalSection(ExtensibilityGlobals) = postSolution
		SolutionGuid = {D403AC64-3440-4F00-BD99-872AAA547F4E}
	EndGlobalSection
EndGlobal
